{
    "version": 3,
    "terraform_version": "0.8.6",
    "serial": 2,
    "lineage": "578568fe-d907-498e-b04d-d78d6817f986",
    "modules": [
        {
            "path": [
                "root"
            ],
            "outputs": {},
            "resources": {
                "aws_instance.nat": {
                    "type": "aws_instance",
                    "depends_on": [
                        "aws_key_pair.deployer",
                        "aws_security_group.default",
                        "aws_security_group.nat",
                        "aws_subnet.public"
                    ],
                    "primary": {
                        "id": "i-0eb7bd3ea710eb916",
                        "attributes": {
                            "ami": "ami-a6b8e7ce",
                            "associate_public_ip_address": "true",
                            "availability_zone": "us-east-1a",
                            "disable_api_termination": "false",
                            "ebs_block_device.#": "0",
                            "ebs_optimized": "false",
                            "ephemeral_block_device.#": "0",
                            "iam_instance_profile": "",
                            "id": "i-0eb7bd3ea710eb916",
                            "instance_state": "running",
                            "instance_type": "t2.micro",
                            "key_name": "deployer-key",
                            "monitoring": "false",
                            "network_interface_id": "eni-76d0bcb2",
                            "private_dns": "ip-10-128-0-203.ec2.internal",
                            "private_ip": "10.128.0.203",
                            "public_dns": "ec2-52-71-185-88.compute-1.amazonaws.com",
                            "public_ip": "52.71.185.88",
                            "root_block_device.#": "1",
                            "root_block_device.0.delete_on_termination": "true",
                            "root_block_device.0.iops": "0",
                            "root_block_device.0.volume_size": "8",
                            "root_block_device.0.volume_type": "standard",
                            "security_groups.#": "0",
                            "source_dest_check": "true",
                            "subnet_id": "subnet-20693f7b",
                            "tags.%": "1",
                            "tags.Name": "nat",
                            "tenancy": "default",
                            "vpc_security_group_ids.#": "2",
                            "vpc_security_group_ids.2972358630": "sg-c7551dbb",
                            "vpc_security_group_ids.59415038": "sg-c0551dbc"
                        },
                        "meta": {
                            "schema_version": "1"
                        },
                        "tainted": true
                    },
                    "deposed": [],
                    "provider": ""
                },
                "aws_internet_gateway.default": {
                    "type": "aws_internet_gateway",
                    "depends_on": [
                        "aws_vpc.default"
                    ],
                    "primary": {
                        "id": "igw-dbbe92bc",
                        "attributes": {
                            "id": "igw-dbbe92bc",
                            "tags.%": "0",
                            "vpc_id": "vpc-c89af3ae"
                        },
                        "meta": {},
                        "tainted": false
                    },
                    "deposed": [],
                    "provider": ""
                },
                "aws_key_pair.deployer": {
                    "type": "aws_key_pair",
                    "depends_on": [],
                    "primary": {
                        "id": "deployer-key",
                        "attributes": {
                            "fingerprint": "7a:34:b5:09:8b:95:e7:e8:6c:60:8c:1c:03:6c:5a:82",
                            "id": "deployer-key",
                            "key_name": "deployer-key",
                            "public_key": "ssh-rsa AAAAB3NzaC1yc2EAAAADAQABAAABAQDNkBd2axMfZLvqQ+La0mEeFuH0AxZxmhS2RYnXSJ+zFa5bIlkrXTuEaI+PgxH8plY1i98Du2mltSKYWTTVeiCE+nbx63iJIBVMnVfkLUhoxByWzxQrV+giUprnOjJiTbAVsMc+1WGu6cVlPHa1RgEkwQQpR3P2Q9jfl3q3pLJP3RhbpOUQ3iDkeyOwhkE9lZ1Exq1Ue/34GUR+qel0gdr+JVu1yfe7ognog0PJVO/4jYn3bB78yEOoYKkY8fQBS2iSmlCxwDiyS3y0TSlh1JfGjFtzrrksE1NvaORdoOjbzTnOHkSejbw5e47LuNx9RRx6P7b8bK9k3cg0j1u4N+q9 insecure-deployer"
                        },
                        "meta": {
                            "schema_version": "1"
                        },
                        "tainted": false
                    },
                    "deposed": [],
                    "provider": ""
                },
                "aws_route_table.public": {
                    "type": "aws_route_table",
                    "depends_on": [
                        "aws_internet_gateway.default",
                        "aws_vpc.default"
                    ],
                    "primary": {
                        "id": "rtb-ac7ccbd5",
                        "attributes": {
                            "id": "rtb-ac7ccbd5",
                            "propagating_vgws.#": "0",
                            "route.#": "1",
                            "route.3856911314.cidr_block": "0.0.0.0/0",
                            "route.3856911314.gateway_id": "igw-dbbe92bc",
                            "route.3856911314.instance_id": "",
                            "route.3856911314.nat_gateway_id": "",
                            "route.3856911314.network_interface_id": "",
                            "route.3856911314.vpc_peering_connection_id": "",
                            "tags.%": "0",
                            "vpc_id": "vpc-c89af3ae"
                        },
                        "meta": {},
                        "tainted": false
                    },
                    "deposed": [],
                    "provider": ""
                },
                "aws_route_table_association.public": {
                    "type": "aws_route_table_association",
                    "depends_on": [
                        "aws_route_table.public",
                        "aws_subnet.public"
                    ],
                    "primary": {
                        "id": "rtbassoc-d8dbbba0",
                        "attributes": {
                            "id": "rtbassoc-d8dbbba0",
                            "route_table_id": "rtb-ac7ccbd5",
                            "subnet_id": "subnet-20693f7b"
                        },
                        "meta": {},
                        "tainted": false
                    },
                    "deposed": [],
                    "provider": ""
                },
                "aws_security_group.default": {
                    "type": "aws_security_group",
                    "depends_on": [
                        "aws_vpc.default"
                    ],
                    "primary": {
                        "id": "sg-c0551dbc",
                        "attributes": {
                            "description": "Default security group that allows inbound and outbound traffic from all instances in the VPC",
                            "egress.#": "1",
                            "egress.753360330.cidr_blocks.#": "0",
                            "egress.753360330.from_port": "0",
                            "egress.753360330.prefix_list_ids.#": "0",
                            "egress.753360330.protocol": "-1",
                            "egress.753360330.security_groups.#": "0",
                            "egress.753360330.self": "true",
                            "egress.753360330.to_port": "0",
                            "id": "sg-c0551dbc",
                            "ingress.#": "1",
                            "ingress.753360330.cidr_blocks.#": "0",
                            "ingress.753360330.from_port": "0",
                            "ingress.753360330.protocol": "-1",
                            "ingress.753360330.security_groups.#": "0",
                            "ingress.753360330.self": "true",
                            "ingress.753360330.to_port": "0",
                            "name": "default-trowe-example",
                            "owner_id": "632243726935",
                            "tags.%": "1",
                            "tags.Name": "trowe-example-default-vpc",
                            "vpc_id": "vpc-c89af3ae"
                        },
                        "meta": {},
                        "tainted": false
                    },
                    "deposed": [],
                    "provider": ""
                },
                "aws_security_group.nat": {
                    "type": "aws_security_group",
                    "depends_on": [
                        "aws_vpc.default"
                    ],
                    "primary": {
                        "id": "sg-c7551dbb",
                        "attributes": {
                            "description": "Security group for nat instances that allows SSH and VPN traffic from internet. Also allows outbound HTTP[S]",
                            "egress.#": "2",
                            "egress.2214680975.cidr_blocks.#": "1",
                            "egress.2214680975.cidr_blocks.0": "0.0.0.0/0",
                            "egress.2214680975.from_port": "80",
                            "egress.2214680975.prefix_list_ids.#": "0",
                            "egress.2214680975.protocol": "tcp",
                            "egress.2214680975.security_groups.#": "0",
                            "egress.2214680975.self": "false",
                            "egress.2214680975.to_port": "80",
                            "egress.2617001939.cidr_blocks.#": "1",
                            "egress.2617001939.cidr_blocks.0": "0.0.0.0/0",
                            "egress.2617001939.from_port": "443",
                            "egress.2617001939.prefix_list_ids.#": "0",
                            "egress.2617001939.protocol": "tcp",
                            "egress.2617001939.security_groups.#": "0",
                            "egress.2617001939.self": "false",
                            "egress.2617001939.to_port": "443",
                            "id": "sg-c7551dbb",
                            "ingress.#": "2",
                            "ingress.2541437006.cidr_blocks.#": "1",
                            "ingress.2541437006.cidr_blocks.0": "0.0.0.0/0",
                            "ingress.2541437006.from_port": "22",
                            "ingress.2541437006.protocol": "tcp",
                            "ingress.2541437006.security_groups.#": "0",
                            "ingress.2541437006.self": "false",
                            "ingress.2541437006.to_port": "22",
                            "ingress.4178520169.cidr_blocks.#": "1",
                            "ingress.4178520169.cidr_blocks.0": "0.0.0.0/0",
                            "ingress.4178520169.from_port": "1194",
                            "ingress.4178520169.protocol": "udp",
                            "ingress.4178520169.security_groups.#": "0",
                            "ingress.4178520169.self": "false",
                            "ingress.4178520169.to_port": "1194",
                            "name": "nat-trowe-example",
                            "owner_id": "632243726935",
                            "tags.%": "1",
                            "tags.Name": "nat-trowe-example",
                            "vpc_id": "vpc-c89af3ae"
                        },
                        "meta": {},
                        "tainted": false
                    },
                    "deposed": [],
                    "provider": ""
                },
                "aws_security_group.web": {
                    "type": "aws_security_group",
                    "depends_on": [
                        "aws_vpc.default"
                    ],
                    "primary": {
                        "id": "sg-c6551dba",
                        "attributes": {
                            "description": "Security group for web that allows web traffic from internet",
                            "egress.#": "0",
                            "id": "sg-c6551dba",
                            "ingress.#": "2",
                            "ingress.2214680975.cidr_blocks.#": "1",
                            "ingress.2214680975.cidr_blocks.0": "0.0.0.0/0",
                            "ingress.2214680975.from_port": "80",
                            "ingress.2214680975.protocol": "tcp",
                            "ingress.2214680975.security_groups.#": "0",
                            "ingress.2214680975.self": "false",
                            "ingress.2214680975.to_port": "80",
                            "ingress.2617001939.cidr_blocks.#": "1",
                            "ingress.2617001939.cidr_blocks.0": "0.0.0.0/0",
                            "ingress.2617001939.from_port": "443",
                            "ingress.2617001939.protocol": "tcp",
                            "ingress.2617001939.security_groups.#": "0",
                            "ingress.2617001939.self": "false",
                            "ingress.2617001939.to_port": "443",
                            "name": "web-trowe-example",
                            "owner_id": "632243726935",
                            "tags.%": "1",
                            "tags.Name": "web-trowe-example",
                            "vpc_id": "vpc-c89af3ae"
                        },
                        "meta": {},
                        "tainted": false
                    },
                    "deposed": [],
                    "provider": ""
                },
                "aws_subnet.public": {
                    "type": "aws_subnet",
                    "depends_on": [
                        "aws_internet_gateway.default",
                        "aws_vpc.default"
                    ],
                    "primary": {
                        "id": "subnet-20693f7b",
                        "attributes": {
                            "availability_zone": "us-east-1a",
                            "cidr_block": "10.128.0.0/24",
                            "id": "subnet-20693f7b",
                            "map_public_ip_on_launch": "true",
                            "tags.%": "1",
                            "tags.Name": "public",
                            "vpc_id": "vpc-c89af3ae"
                        },
                        "meta": {},
                        "tainted": false
                    },
                    "deposed": [],
                    "provider": ""
                },
                "aws_vpc.default": {
                    "type": "aws_vpc",
                    "depends_on": [],
                    "primary": {
                        "id": "vpc-c89af3ae",
                        "attributes": {
                            "cidr_block": "10.128.0.0/16",
                            "default_network_acl_id": "acl-767d4310",
                            "default_route_table_id": "rtb-ab7ccbd2",
                            "default_security_group_id": "sg-d0551dac",
                            "dhcp_options_id": "dopt-2ec1aa49",
                            "enable_classiclink": "false",
                            "enable_dns_hostnames": "true",
                            "enable_dns_support": "true",
                            "id": "vpc-c89af3ae",
                            "instance_tenancy": "default",
                            "main_route_table_id": "rtb-ab7ccbd2",
                            "tags.%": "1",
                            "tags.Name": "trowe-example"
                        },
                        "meta": {},
                        "tainted": false
                    },
                    "deposed": [],
                    "provider": ""
                }
            },
            "depends_on": []
        }
    ]
}
